
Microsoft Visual Studio Solution File, Format Version 12.00
# Visual Studio Version 16
VisualStudioVersion = 16.0.29209.62
MinimumVisualStudioVersion = 10.0.40219.1
Project("{FAE04EC0-301F-11D3-BF4B-00C04F79EFBC}") = "WebPihare", "WebPihare\WebPihare.csproj", "{FDD66593-2346-43E4-BBF4-1581D7485E87}"
EndProject
Global
	GlobalSection(SolutionConfigurationPlatforms) = preSolution
		Debug|Any CPU = Debug|Any CPU
		Release|Any CPU = Release|Any CPU
	EndGlobalSection
	GlobalSection(ProjectConfigurationPlatforms) = postSolution
		{FDD66593-2346-43E4-BBF4-1581D7485E87}.Debug|Any CPU.ActiveCfg = Debug|Any CPU
		{FDD66593-2346-43E4-BBF4-1581D7485E87}.Debug|Any CPU.Build.0 = Debug|Any CPU
		{FDD66593-2346-43E4-BBF4-1581D7485E87}.Release|Any CPU.ActiveCfg = Release|Any CPU
		{FDD66593-2346-43E4-BBF4-1581D7485E87}.Release|Any CPU.Build.0 = Release|Any CPU
	EndGlobalSection
	GlobalSection(SolutionProperties) = preSolution
		HideSolutionNode = FALSE
	EndGlobalSection
	GlobalSection(ExtensibilityGlobals) = postSolution
		SolutionGuid = {38F8EB1B-9AFA-42B8-8A90-3970D3A409CF}
	EndGlobalSection
EndGlobal
